
Microsoft Visual Studio Solution File, Format Version 12.00
# Visual Studio Version 16
VisualStudioVersion = 16.0.30011.22
MinimumVisualStudioVersion = 10.0.40219.1
Project("{FAE04EC0-301F-11D3-BF4B-00C04F79EFBC}") = "DynamicView", "DynamicView.csproj", "{7E313E92-B506-4B25-A8CF-E04F81C055A7}"
EndProject
Global
	GlobalSection(SolutionConfigurationPlatforms) = preSolution
		Debug|Any CPU = Debug|Any CPU
		Release|Any CPU = Release|Any CPU
	EndGlobalSection
	GlobalSection(ProjectConfigurationPlatforms) = postSolution
		{7E313E92-B506-4B25-A8CF-E04F81C055A7}.Debug|Any CPU.ActiveCfg = Debug|Any CPU
		{7E313E92-B506-4B25-A8CF-E04F81C055A7}.Debug|Any CPU.Build.0 = Debug|Any CPU
		{7E313E92-B506-4B25-A8CF-E04F81C055A7}.Release|Any CPU.ActiveCfg = Release|Any CPU
		{7E313E92-B506-4B25-A8CF-E04F81C055A7}.Release|Any CPU.Build.0 = Release|Any CPU
	EndGlobalSection
	GlobalSection(SolutionProperties) = preSolution
		HideSolutionNode = FALSE
	EndGlobalSection
	GlobalSection(ExtensibilityGlobals) = postSolution
		SolutionGuid = {F7B62053-C517-4E0E-86C7-CD37CCBACA48}
	EndGlobalSection
EndGlobal
